// !$*UTF8*$!
{
	archiveVersion = 1;
	classes = {
	};
	objectVersion = 50;
	objects = {

/* Begin PBXBuildFile section */
		BCC3659923886E3900384403 /* AppDelegate.swift in Sources */ = {isa = PBXBuildFile; fileRef = BCC3659823886E3900384403 /* AppDelegate.swift */; };
		BCC3659B23886E3900384403 /* SceneDelegate.swift in Sources */ = {isa = PBXBuildFile; fileRef = BCC3659A23886E3900384403 /* SceneDelegate.swift */; };
		BCC3659D23886E3900384403 /* ViewController.swift in Sources */ = {isa = PBXBuildFile; fileRef = BCC3659C23886E3900384403 /* ViewController.swift */; };
		BCC365A023886E3900384403 /* Main.storyboard in Resources */ = {isa = PBXBuildFile; fileRef = BCC3659E23886E3900384403 /* Main.storyboard */; };
		BCC365A323886E3900384403 /* CoreDataHomeWork.xcdatamodeld in Sources */ = {isa = PBXBuildFile; fileRef = BCC365A123886E3900384403 /* CoreDataHomeWork.xcdatamodeld */; };
		BCC365A523886E4000384403 /* Assets.xcassets in Resources */ = {isa = PBXBuildFile; fileRef = BCC365A423886E4000384403 /* Assets.xcassets */; };
		BCC365A823886E4000384403 /* LaunchScreen.storyboard in Resources */ = {isa = PBXBuildFile; fileRef = BCC365A623886E4000384403 /* LaunchScreen.storyboard */; };
/* End PBXBuildFile section */

/* Begin PBXFileReference section */
		BCC3659523886E3900384403 /* CoreDataHomeWork.app */ = {isa = PBXFileReference; explicitFileType = wrapper.application; includeInIndex = 0; path = CoreDataHomeWork.app; sourceTree = BUILT_PRODUCTS_DIR; };
		BCC3659823886E3900384403 /* AppDelegate.swift */ = {isa = PBXFileReference; lastKnownFileType = sourcecode.swift; path = AppDelegate.swift; sourceTree = "<group>"; };
		BCC3659A23886E3900384403 /* SceneDelegate.swift */ = {isa = PBXFileReference; lastKnownFileType = sourcecode.swift; path = SceneDelegate.swift; sourceTree = "<group>"; };
		BCC3659C23886E3900384403 /* ViewController.swift */ = {isa = PBXFileReference; lastKnownFileType = sourcecode.swift; path = ViewController.swift; sourceTree = "<group>"; };
		BCC3659F23886E3900384403 /* Base */ = {isa = PBXFileReference; lastKnownFileType = file.storyboard; name = Base; path = Base.lproj/Main.storyboard; sourceTree = "<group>"; };
		BCC365A223886E3900384403 /* CoreDataHomeWork.xcdatamodel */ = {isa = PBXFileReference; lastKnownFileType = wrapper.xcdatamodel; path = CoreDataHomeWork.xcdatamodel; sourceTree = "<group>"; };
		BCC365A423886E4000384403 /* Assets.xcassets */ = {isa = PBXFileReference; lastKnownFileType = folder.assetcatalog; path = Assets.xcassets; sourceTree = "<group>"; };
		BCC365A723886E4000384403 /* Base */ = {isa = PBXFileReference; lastKnownFileType = file.storyboard; name = Base; path = Base.lproj/LaunchScreen.storyboard; sourceTree = "<group>"; };
		BCC365A923886E4000384403 /* Info.plist */ = {isa = PBXFileReference; lastKnownFileType = text.plist.xml; path = Info.plist; sourceTree = "<group>"; };
/* End PBXFileReference section */

/* Begin PBXFrameworksBuildPhase section */
		BCC3659223886E3900384403 /* Frameworks */ = {
			isa = PBXFrameworksBuildPhase;
			buildActionMask = 2147483647;
			files = (
			);
			runOnlyForDeploymentPostprocessing = 0;
		};
/* End PBXFrameworksBuildPhase section */

/* Begin PBXGroup section */
		BCC3658C23886E3900384403 = {
			isa = PBXGroup;
			children = (
				BCC3659723886E3900384403 /* CoreDataHomeWork */,
				BCC3659623886E3900384403 /* Products */,
			);
			sourceTree = "<group>";
		};
		BCC3659623886E3900384403 /* Products */ = {
			isa = PBXGroup;
			children = (
				BCC3659523886E3900384403 /* CoreDataHomeWork.app */,
			);
			name = Products;
			sourceTree = "<group>";
		};
		BCC3659723886E3900384403 /* CoreDataHomeWork */ = {
			isa = PBXGroup;
			children = (
				BCC3659823886E3900384403 /* AppDelegate.swift */,
				BCC3659A23886E3900384403 /* SceneDelegate.swift */,
				BCC3659C23886E3900384403 /* ViewController.swift */,
				BCC3659E23886E3900384403 /* Main.storyboard */,
				BCC365A423886E4000384403 /* Assets.xcassets */,
				BCC365A623886E4000384403 /* LaunchScreen.storyboard */,
				BCC365A923886E4000384403 /* Info.plist */,
				BCC365A123886E3900384403 /* CoreDataHomeWork.xcdatamodeld */,
			);
			path = CoreDataHomeWork;
			sourceTree = "<group>";
		};
/* End PBXGroup section */

/* Begin PBXNativeTarget section */
		BCC3659423886E3900384403 /* CoreDataHomeWork */ = {
			isa = PBXNativeTarget;
			buildConfigurationList = BCC365AC23886E4000384403 /* Build configuration list for PBXNativeTarget "CoreDataHomeWork" */;
			buildPhases = (
				BCC3659123886E3900384403 /* Sources */,
				BCC3659223886E3900384403 /* Frameworks */,
				BCC3659323886E3900384403 /* Resources */,
			);
			buildRules = (
			);
			dependencies = (
			);
			name = CoreDataHomeWork;
			productName = CoreDataHomeWork;
			productReference = BCC3659523886E3900384403 /* CoreDataHomeWork.app */;
			productType = "com.apple.product-type.application";
		};
/* End PBXNativeTarget section */

/* Begin PBXProject section */
		BCC3658D23886E3900384403 /* Project object */ = {
			isa = PBXProject;
			attributes = {
				LastSwiftUpdateCheck = 1120;
				LastUpgradeCheck = 1120;
				ORGANIZATIONNAME = "Karlis Cars";
				TargetAttributes = {
					BCC3659423886E3900384403 = {
						CreatedOnToolsVersion = 11.2.1;
					};
				};
			};
			buildConfigurationList = BCC3659023886E3900384403 /* Build configuration list for PBXProject "CoreDataHomeWork" */;
			compatibilityVersion = "Xcode 9.3";
			developmentRegion = en;
			hasScannedForEncodings = 0;
			knownRegions = (
				en,
				Base,
			);
			mainGroup = BCC3658C23886E3900384403;
			productRefGroup = BCC3659623886E3900384403 /* Products */;
			projectDirPath = "";
			projectRoot = "";
			targets = (
				BCC3659423886E3900384403 /* CoreDataHomeWork */,
			);
		};
/* End PBXProject section */

/* Begin PBXResourcesBuildPhase section */
		BCC3659323886E3900384403 /* Resources */ = {
			isa = PBXResourcesBuildPhase;
			buildActionMask = 2147483647;
			files = (
				BCC365A823886E4000384403 /* LaunchScreen.storyboard in Resources */,
				BCC365A523886E4000384403 /* Assets.xcassets in Resources */,
				BCC365A023886E3900384403 /* Main.storyboard in Resources */,
			);
			runOnlyForDeploymentPostprocessing = 0;
		};
/* End PBXResourcesBuildPhase section */

/* Begin PBXSourcesBuildPhase section */
		BCC3659123886E3900384403 /* Sources */ = {
			isa = PBXSourcesBuildPhase;
			buildActionMask = 2147483647;
			files = (
				BCC365A323886E3900384403 /* CoreDataHomeWork.xcdatamodeld in Sources */,
				BCC3659D23886E3900384403 /* ViewController.swift in Sources */,
				BCC3659923886E3900384403 /* AppDelegate.swift in Sources */,
				BCC3659B23886E3900384403 /* SceneDelegate.swift in Sources */,
			);
			runOnlyForDeploymentPostprocessing = 0;
		};
/* End PBXSourcesBuildPhase section */

/* Begin PBXVariantGroup section */
		BCC3659E23886E3900384403 /* Main.storyboard */ = {
			isa = PBXVariantGroup;
			children = (
				BCC3659F23886E3900384403 /* Base */,
			);
			name = Main.storyboard;
			sourceTree = "<group>";
		};
		BCC365A623886E4000384403 /* LaunchScreen.storyboard */ = {
			isa = PBXVariantGroup;
			children = (
				BCC365A723886E4000384403 /* Base */,
			);
			name = LaunchScreen.storyboard;
			sourceTree = "<group>";
		};
/* End PBXVariantGroup section */

/* Begin XCBuildConfiguration section */
		BCC365AA23886E4000384403 /* Debug */ = {
			isa = XCBuildConfiguration;
			buildSettings = {
				ALWAYS_SEARCH_USER_PATHS = NO;
				CLANG_ANALYZER_NONNULL = YES;
				CLANG_ANALYZER_NUMBER_OBJECT_CONVERSION = YES_AGGRESSIVE;
				CLANG_CXX_LANGUAGE_STANDARD = "gnu++14";
				CLANG_CXX_LIBRARY = "libc++";
				CLANG_ENABLE_MODULES = YES;
				CLANG_ENABLE_OBJC_ARC = YES;
				CLANG_ENABLE_OBJC_WEAK = YES;
				CLANG_WARN_BLOCK_CAPTURE_AUTORELEASING = YES;
				CLANG_WARN_BOOL_CONVERSION = YES;
				CLANG_WARN_COMMA = YES;
				CLANG_WARN_CONSTANT_CONVERSION = YES;
				CLANG_WARN_DEPRECATED_OBJC_IMPLEMENTATIONS = YES;
				CLANG_WARN_DIRECT_OBJC_ISA_USAGE = YES_ERROR;
				CLANG_WARN_DOCUMENTATION_COMMENTS = YES;
				CLANG_WARN_EMPTY_BODY = YES;
				CLANG_WARN_ENUM_CONVERSION = YES;
				CLANG_WARN_INFINITE_RECURSION = YES;
				CLANG_WARN_INT_CONVERSION = YES;
				CLANG_WARN_NON_LITERAL_NULL_CONVERSION = YES;
				CLANG_WARN_OBJC_IMPLICIT_RETAIN_SELF = YES;
				CLANG_WARN_OBJC_LITERAL_CONVERSION = YES;
				CLANG_WARN_OBJC_ROOT_CLASS = YES_ERROR;
				CLANG_WARN_RANGE_LOOP_ANALYSIS = YES;
				CLANG_WARN_STRICT_PROTOTYPES = YES;
				CLANG_WARN_SUSPICIOUS_MOVE = YES;
				CLANG_WARN_UNGUARDED_AVAILABILITY = YES_AGGRESSIVE;
				CLANG_WARN_UNREACHABLE_CODE = YES;
				CLANG_WARN__DUPLICATE_METHOD_MATCH = YES;
				COPY_PHASE_STRIP = NO;
				DEBUG_INFORMATION_FORMAT = dwarf;
				ENABLE_STRICT_OBJC_MSGSEND = YES;
				ENABLE_TESTABILITY = YES;
				GCC_C_LANGUAGE_STANDARD = gnu11;
				GCC_DYNAMIC_NO_PIC = NO;
				GCC_NO_COMMON_BLOCKS = YES;
				GCC_OPTIMIZATION_LEVEL = 0;
				GCC_PREPROCESSOR_DEFINITIONS = (
					"DEBUG=1",
					"$(inherited)",
				);
				GCC_WARN_64_TO_32_BIT_CONVERSION = YES;
				GCC_WARN_ABOUT_RETURN_TYPE = YES_ERROR;
				GCC_WARN_UNDECLARED_SELECTOR = YES;
				GCC_WARN_UNINITIALIZED_AUTOS = YES_AGGRESSIVE;
				GCC_WARN_UNUSED_FUNCTION = YES;
				GCC_WARN_UNUSED_VARIABLE = YES;
				IPHONEOS_DEPLOYMENT_TARGET = 13.2;
				MTL_ENABLE_DEBUG_INFO = INCLUDE_SOURCE;
				MTL_FAST_MATH = YES;
				ONLY_ACTIVE_ARCH = YES;
				SDKROOT = iphoneos;
				SWIFT_ACTIVE_COMPILATION_CONDITIONS = DEBUG;
				SWIFT_OPTIMIZATION_LEVEL = "-Onone";
			};
			name = Debug;
		};
		BCC365AB23886E4000384403 /* Release */ = {
			isa = XCBuildConfiguration;
			buildSettings = {
				ALWAYS_SEARCH_USER_PATHS = NO;
				CLANG_ANALYZER_NONNULL = YES;
				CLANG_ANALYZER_NUMBER_OBJECT_CONVERSION = YES_AGGRESSIVE;
				CLANG_CXX_LANGUAGE_STANDARD = "gnu++14";
				CLANG_CXX_LIBRARY = "libc++";
				CLANG_ENABLE_MODULES = YES;
				CLANG_ENABLE_OBJC_ARC = YES;
				CLANG_ENABLE_OBJC_WEAK = YES;
				CLANG_WARN_BLOCK_CAPTURE_AUTORELEASING = YES;
				CLANG_WARN_BOOL_CONVERSION = YES;
				CLANG_WARN_COMMA = YES;
				CLANG_WARN_CONSTANT_CONVERSION = YES;
				CLANG_WARN_DEPRECATED_OBJC_IMPLEMENTATIONS = YES;
				CLANG_WARN_DIRECT_OBJC_ISA_USAGE = YES_ERROR;
				CLANG_WARN_DOCUMENTATION_COMMENTS = YES;
				CLANG_WARN_EMPTY_BODY = YES;
				CLANG_WARN_ENUM_CONVERSION = YES;
				CLANG_WARN_INFINITE_RECURSION = YES;
				CLANG_WARN_INT_CONVERSION = YES;
				CLANG_WARN_NON_LITERAL_NULL_CONVERSION = YES;
				CLANG_WARN_OBJC_IMPLICIT_RETAIN_SELF = YES;
				CLANG_WARN_OBJC_LITERAL_CONVERSION = YES;
				CLANG_WARN_OBJC_ROOT_CLASS = YES_ERROR;
				CLANG_WARN_RANGE_LOOP_ANALYSIS = YES;
				CLANG_WARN_STRICT_PROTOTYPES = YES;
				CLANG_WARN_SUSPICIOUS_MOVE = YES;
				CLANG_WARN_UNGUARDED_AVAILABILITY = YES_AGGRESSIVE;
				CLANG_WARN_UNREACHABLE_CODE = YES;
				CLANG_WARN__DUPLICATE_METHOD_MATCH = YES;
				COPY_PHASE_STRIP = NO;
				DEBUG_INFORMATION_FORMAT = "dwarf-with-dsym";
				ENABLE_NS_ASSERTIONS = NO;
				ENABLE_STRICT_OBJC_MSGSEND = YES;
				GCC_C_LANGUAGE_STANDARD = gnu11;
				GCC_NO_COMMON_BLOCKS = YES;
				GCC_WARN_64_TO_32_BIT_CONVERSION = YES;
				GCC_WARN_ABOUT_RETURN_TYPE = YES_ERROR;
				GCC_WARN_UNDECLARED_SELECTOR = YES;
				GCC_WARN_UNINITIALIZED_AUTOS = YES_AGGRESSIVE;
				GCC_WARN_UNUSED_FUNCTION = YES;
				GCC_WARN_UNUSED_VARIABLE = YES;
				IPHONEOS_DEPLOYMENT_TARGET = 13.2;
				MTL_ENABLE_DEBUG_INFO = NO;
				MTL_FAST_MATH = YES;
				SDKROOT = iphoneos;
				SWIFT_COMPILATION_MODE = wholemodule;
				SWIFT_OPTIMIZATION_LEVEL = "-O";
				VALIDATE_PRODUCT = YES;
			};
			name = Release;
		};
		BCC365AD23886E4000384403 /* Debug */ = {
			isa = XCBuildConfiguration;
			buildSettings = {
				ASSETCATALOG_COMPILER_APPICON_NAME = AppIcon;
				CODE_SIGN_STYLE = Automatic;
				DEVELOPMENT_TEAM = 5LDM4NM6JZ;
				INFOPLIST_FILE = CoreDataHomeWork/Info.plist;
				LD_RUNPATH_SEARCH_PATHS = (
					"$(inherited)",
					"@executable_path/Frameworks",
				);
				PRODUCT_BUNDLE_IDENTIFIER = com.kcars.CoreDataHomeWork;
				PRODUCT_NAME = "$(TARGET_NAME)";
				SWIFT_VERSION = 5.0;
				TARGETED_DEVICE_FAMILY = "1,2";
			};
			name = Debug;
		};
		BCC365AE23886E4000384403 /* Release */ = {
			isa = XCBuildConfiguration;
			buildSettings = {
				ASSETCATALOG_COMPILER_APPICON_NAME = AppIcon;
				CODE_SIGN_STYLE = Automatic;
				DEVELOPMENT_TEAM = 5LDM4NM6JZ;
				INFOPLIST_FILE = CoreDataHomeWork/Info.plist;
				LD_RUNPATH_SEARCH_PATHS = (
					"$(inherited)",
					"@executable_path/Frameworks",
				);
				PRODUCT_BUNDLE_IDENTIFIER = com.kcars.CoreDataHomeWork;
				PRODUCT_NAME = "$(TARGET_NAME)";
				SWIFT_VERSION = 5.0;
				TARGETED_DEVICE_FAMILY = "1,2";
			};
			name = Release;
		};
/* End XCBuildConfiguration section */

/* Begin XCConfigurationList section */
		BCC3659023886E3900384403 /* Build configuration list for PBXProject "CoreDataHomeWork" */ = {
			isa = XCConfigurationList;
			buildConfigurations = (
				BCC365AA23886E4000384403 /* Debug */,
				BCC365AB23886E4000384403 /* Release */,
			);
			defaultConfigurationIsVisible = 0;
			defaultConfigurationName = Release;
		};
		BCC365AC23886E4000384403 /* Build configuration list for PBXNativeTarget "CoreDataHomeWork" */ = {
			isa = XCConfigurationList;
			buildConfigurations = (
				BCC365AD23886E4000384403 /* Debug */,
				BCC365AE23886E4000384403 /* Release */,
			);
			defaultConfigurationIsVisible = 0;
			defaultConfigurationName = Release;
		};
/* End XCConfigurationList section */

/* Begin XCVersionGroup section */
		BCC365A123886E3900384403 /* CoreDataHomeWork.xcdatamodeld */ = {
			isa = XCVersionGroup;
			children = (
				BCC365A223886E3900384403 /* CoreDataHomeWork.xcdatamodel */,
			);
			currentVersion = BCC365A223886E3900384403 /* CoreDataHomeWork.xcdatamodel */;
			path = CoreDataHomeWork.xcdatamodeld;
			sourceTree = "<group>";
			versionGroupType = wrapper.xcdatamodel;
		};
/* End XCVersionGroup section */
	};
	rootObject = BCC3658D23886E3900384403 /* Project object */;
}
